
Microsoft Visual Studio Solution File, Format Version 12.00
# Visual Studio Version 16
VisualStudioVersion = 16.0.30523.141
MinimumVisualStudioVersion = 10.0.40219.1
Project("{FAE04EC0-301F-11D3-BF4B-00C04F79EFBC}") = "TaskList", "TaskList\TaskList.csproj", "{6974C945-38F7-4322-A773-279844A3289C}"
EndProject
Global
	GlobalSection(SolutionConfigurationPlatforms) = preSolution
		Debug|Any CPU = Debug|Any CPU
		Debug|x64 = Debug|x64
		Release|Any CPU = Release|Any CPU
		Release|x64 = Release|x64
	EndGlobalSection
	GlobalSection(ProjectConfigurationPlatforms) = postSolution
		{6974C945-38F7-4322-A773-279844A3289C}.Debug|Any CPU.ActiveCfg = Debug|Any CPU
		{6974C945-38F7-4322-A773-279844A3289C}.Debug|Any CPU.Build.0 = Debug|Any CPU
		{6974C945-38F7-4322-A773-279844A3289C}.Debug|x64.ActiveCfg = Debug|x64
		{6974C945-38F7-4322-A773-279844A3289C}.Debug|x64.Build.0 = Debug|x64
		{6974C945-38F7-4322-A773-279844A3289C}.Release|Any CPU.ActiveCfg = Release|Any CPU
		{6974C945-38F7-4322-A773-279844A3289C}.Release|Any CPU.Build.0 = Release|Any CPU
		{6974C945-38F7-4322-A773-279844A3289C}.Release|x64.ActiveCfg = Release|x64
		{6974C945-38F7-4322-A773-279844A3289C}.Release|x64.Build.0 = Release|x64
	EndGlobalSection
	GlobalSection(SolutionProperties) = preSolution
		HideSolutionNode = FALSE
	EndGlobalSection
	GlobalSection(ExtensibilityGlobals) = postSolution
		SolutionGuid = {D2E0055D-42DD-48E1-9C8C-38EF73671261}
	EndGlobalSection
EndGlobal
